
Microsoft Visual Studio Solution File, Format Version 12.00
# Visual Studio Version 17
VisualStudioVersion = 17.14.36518.9 d17.14
MinimumVisualStudioVersion = 10.0.40219.1
Project("{FAE04EC0-301F-11D3-BF4B-00C04F79EFBC}") = "BlockChainAPI", "BlockChainAPI\BlockChainAPI.csproj", "{7FBBB37E-3F7E-4E17-88F7-7FE553598E65}"
EndProject
Project("{2150E333-8FDC-42A3-9474-1A3956D46DE8}") = "Application", "Application", "{02EA681E-C7D8-13C7-8484-4AC65E1B71E8}"
EndProject
Project("{2150E333-8FDC-42A3-9474-1A3956D46DE8}") = "Domain", "Domain", "{AB57E347-B116-4F55-B667-1801674739C8}"
EndProject
Project("{2150E333-8FDC-42A3-9474-1A3956D46DE8}") = "Infrastruture", "Infrastruture", "{D05FB68D-EF7D-46AB-B75C-293389CFD1BF}"
EndProject
Project("{2150E333-8FDC-42A3-9474-1A3956D46DE8}") = "Test", "Test", "{DF924E40-0112-4949-A9D3-4E26959C0A95}"
EndProject
Project("{FAE04EC0-301F-11D3-BF4B-00C04F79EFBC}") = "Application", "Application\Application.csproj", "{9E873F1C-8993-4AD1-971E-D469F873E19D}"
EndProject
Project("{FAE04EC0-301F-11D3-BF4B-00C04F79EFBC}") = "Domain", "Domain\Domain.csproj", "{E712EAFE-874B-49E0-A984-F9D2AED36D25}"
EndProject
Project("{FAE04EC0-301F-11D3-BF4B-00C04F79EFBC}") = "Infrastructure", "Infrastructure\Infrastructure.csproj", "{FF3AB310-DC18-461B-84AC-CEF254FB0C91}"
EndProject
Project("{FAE04EC0-301F-11D3-BF4B-00C04F79EFBC}") = "Test", "Test\Test.csproj", "{B9942BB5-EDE6-4A0B-AC62-D3E6C86BA262}"
EndProject
Global
	GlobalSection(SolutionConfigurationPlatforms) = preSolution
		Debug|Any CPU = Debug|Any CPU
		Release|Any CPU = Release|Any CPU
	EndGlobalSection
	GlobalSection(ProjectConfigurationPlatforms) = postSolution
		{7FBBB37E-3F7E-4E17-88F7-7FE553598E65}.Debug|Any CPU.ActiveCfg = Debug|Any CPU
		{7FBBB37E-3F7E-4E17-88F7-7FE553598E65}.Debug|Any CPU.Build.0 = Debug|Any CPU
		{7FBBB37E-3F7E-4E17-88F7-7FE553598E65}.Release|Any CPU.ActiveCfg = Release|Any CPU
		{7FBBB37E-3F7E-4E17-88F7-7FE553598E65}.Release|Any CPU.Build.0 = Release|Any CPU
		{9E873F1C-8993-4AD1-971E-D469F873E19D}.Debug|Any CPU.ActiveCfg = Debug|Any CPU
		{9E873F1C-8993-4AD1-971E-D469F873E19D}.Debug|Any CPU.Build.0 = Debug|Any CPU
		{9E873F1C-8993-4AD1-971E-D469F873E19D}.Release|Any CPU.ActiveCfg = Release|Any CPU
		{9E873F1C-8993-4AD1-971E-D469F873E19D}.Release|Any CPU.Build.0 = Release|Any CPU
		{E712EAFE-874B-49E0-A984-F9D2AED36D25}.Debug|Any CPU.ActiveCfg = Debug|Any CPU
		{E712EAFE-874B-49E0-A984-F9D2AED36D25}.Debug|Any CPU.Build.0 = Debug|Any CPU
		{E712EAFE-874B-49E0-A984-F9D2AED36D25}.Release|Any CPU.ActiveCfg = Release|Any CPU
		{E712EAFE-874B-49E0-A984-F9D2AED36D25}.Release|Any CPU.Build.0 = Release|Any CPU
		{FF3AB310-DC18-461B-84AC-CEF254FB0C91}.Debug|Any CPU.ActiveCfg = Debug|Any CPU
		{FF3AB310-DC18-461B-84AC-CEF254FB0C91}.Debug|Any CPU.Build.0 = Debug|Any CPU
		{FF3AB310-DC18-461B-84AC-CEF254FB0C91}.Release|Any CPU.ActiveCfg = Release|Any CPU
		{FF3AB310-DC18-461B-84AC-CEF254FB0C91}.Release|Any CPU.Build.0 = Release|Any CPU
		{B9942BB5-EDE6-4A0B-AC62-D3E6C86BA262}.Debug|Any CPU.ActiveCfg = Debug|Any CPU
		{B9942BB5-EDE6-4A0B-AC62-D3E6C86BA262}.Debug|Any CPU.Build.0 = Debug|Any CPU
		{B9942BB5-EDE6-4A0B-AC62-D3E6C86BA262}.Release|Any CPU.ActiveCfg = Release|Any CPU
		{B9942BB5-EDE6-4A0B-AC62-D3E6C86BA262}.Release|Any CPU.Build.0 = Release|Any CPU
	EndGlobalSection
	GlobalSection(SolutionProperties) = preSolution
		HideSolutionNode = FALSE
	EndGlobalSection
	GlobalSection(NestedProjects) = preSolution
		{9E873F1C-8993-4AD1-971E-D469F873E19D} = {02EA681E-C7D8-13C7-8484-4AC65E1B71E8}
		{E712EAFE-874B-49E0-A984-F9D2AED36D25} = {AB57E347-B116-4F55-B667-1801674739C8}
		{FF3AB310-DC18-461B-84AC-CEF254FB0C91} = {D05FB68D-EF7D-46AB-B75C-293389CFD1BF}
		{B9942BB5-EDE6-4A0B-AC62-D3E6C86BA262} = {DF924E40-0112-4949-A9D3-4E26959C0A95}
	EndGlobalSection
	GlobalSection(ExtensibilityGlobals) = postSolution
		SolutionGuid = {3854737C-4D2A-4660-A456-BADBD3074574}
	EndGlobalSection
EndGlobal
